// !$*UTF8*$!
{
	archiveVersion = 1;
	classes = {
	};
	objectVersion = 50;
	objects = {

/* Begin PBXBuildFile section */
		1DB5AE50208D7BF400F71DF0 /* CategoryVC.swift in Sources */ = {isa = PBXBuildFile; fileRef = 1DB5AE4F208D7BF400F71DF0 /* CategoryVC.swift */; };
		1DB5AE52208EE44F00F71DF0 /* GradientView.swift in Sources */ = {isa = PBXBuildFile; fileRef = 1DB5AE51208EE44F00F71DF0 /* GradientView.swift */; };
		1DCCBFE7208B9DB80038BF3A /* AppDelegate.swift in Sources */ = {isa = PBXBuildFile; fileRef = 1DCCBFE6208B9DB80038BF3A /* AppDelegate.swift */; };
		1DCCBFE9208B9DB80038BF3A /* TodoListVC.swift in Sources */ = {isa = PBXBuildFile; fileRef = 1DCCBFE8208B9DB80038BF3A /* TodoListVC.swift */; };
		1DCCBFEC208B9DB80038BF3A /* Main.storyboard in Resources */ = {isa = PBXBuildFile; fileRef = 1DCCBFEA208B9DB80038BF3A /* Main.storyboard */; };
		1DCCBFEE208B9DBF0038BF3A /* Assets.xcassets in Resources */ = {isa = PBXBuildFile; fileRef = 1DCCBFED208B9DBF0038BF3A /* Assets.xcassets */; };
		1DCCBFF1208B9DBF0038BF3A /* LaunchScreen.storyboard in Resources */ = {isa = PBXBuildFile; fileRef = 1DCCBFEF208B9DBF0038BF3A /* LaunchScreen.storyboard */; };
		4D518358208E678900CD9D07 /* Item.swift in Sources */ = {isa = PBXBuildFile; fileRef = 4D518357208E678900CD9D07 /* Item.swift */; };
		4D51835A208E679800CD9D07 /* Category.swift in Sources */ = {isa = PBXBuildFile; fileRef = 4D518359208E679800CD9D07 /* Category.swift */; };
		CEE628330CCCA7F7B051DC50 /* Pods_ToDooey.framework in Frameworks */ = {isa = PBXBuildFile; fileRef = 8FDB4B936775CB293DA6DFFF /* Pods_ToDooey.framework */; };
/* End PBXBuildFile section */

/* Begin PBXFileReference section */
		1DB5AE4F208D7BF400F71DF0 /* CategoryVC.swift */ = {isa = PBXFileReference; lastKnownFileType = sourcecode.swift; path = CategoryVC.swift; sourceTree = "<group>"; };
		1DB5AE51208EE44F00F71DF0 /* GradientView.swift */ = {isa = PBXFileReference; lastKnownFileType = sourcecode.swift; path = GradientView.swift; sourceTree = "<group>"; };
		1DCCBFE3208B9DB80038BF3A /* ToDooey.app */ = {isa = PBXFileReference; explicitFileType = wrapper.application; includeInIndex = 0; path = ToDooey.app; sourceTree = BUILT_PRODUCTS_DIR; };
		1DCCBFE6208B9DB80038BF3A /* AppDelegate.swift */ = {isa = PBXFileReference; lastKnownFileType = sourcecode.swift; path = AppDelegate.swift; sourceTree = "<group>"; };
		1DCCBFE8208B9DB80038BF3A /* TodoListVC.swift */ = {isa = PBXFileReference; lastKnownFileType = sourcecode.swift; path = TodoListVC.swift; sourceTree = "<group>"; };
		1DCCBFEB208B9DB80038BF3A /* Base */ = {isa = PBXFileReference; lastKnownFileType = file.storyboard; name = Base; path = Base.lproj/Main.storyboard; sourceTree = "<group>"; };
		1DCCBFED208B9DBF0038BF3A /* Assets.xcassets */ = {isa = PBXFileReference; lastKnownFileType = folder.assetcatalog; path = Assets.xcassets; sourceTree = "<group>"; };
		1DCCBFF0208B9DBF0038BF3A /* Base */ = {isa = PBXFileReference; lastKnownFileType = file.storyboard; name = Base; path = Base.lproj/LaunchScreen.storyboard; sourceTree = "<group>"; };
		1DCCBFF2208B9DBF0038BF3A /* Info.plist */ = {isa = PBXFileReference; lastKnownFileType = text.plist.xml; path = Info.plist; sourceTree = "<group>"; };
		4D518357208E678900CD9D07 /* Item.swift */ = {isa = PBXFileReference; lastKnownFileType = sourcecode.swift; path = Item.swift; sourceTree = "<group>"; };
		4D518359208E679800CD9D07 /* Category.swift */ = {isa = PBXFileReference; lastKnownFileType = sourcecode.swift; path = Category.swift; sourceTree = "<group>"; };
		7E11B94286A42AA7CF0C07DB /* Pods-ToDooey.debug.xcconfig */ = {isa = PBXFileReference; includeInIndex = 1; lastKnownFileType = text.xcconfig; name = "Pods-ToDooey.debug.xcconfig"; path = "Pods/Target Support Files/Pods-ToDooey/Pods-ToDooey.debug.xcconfig"; sourceTree = "<group>"; };
		8FDB4B936775CB293DA6DFFF /* Pods_ToDooey.framework */ = {isa = PBXFileReference; explicitFileType = wrapper.framework; includeInIndex = 0; path = Pods_ToDooey.framework; sourceTree = BUILT_PRODUCTS_DIR; };
		E371FFC9EA09E225273A7975 /* Pods-ToDooey.release.xcconfig */ = {isa = PBXFileReference; includeInIndex = 1; lastKnownFileType = text.xcconfig; name = "Pods-ToDooey.release.xcconfig"; path = "Pods/Target Support Files/Pods-ToDooey/Pods-ToDooey.release.xcconfig"; sourceTree = "<group>"; };
/* End PBXFileReference section */

/* Begin PBXFrameworksBuildPhase section */
		1DCCBFE0208B9DB80038BF3A /* Frameworks */ = {
			isa = PBXFrameworksBuildPhase;
			buildActionMask = 2147483647;
			files = (
				CEE628330CCCA7F7B051DC50 /* Pods_ToDooey.framework in Frameworks */,
			);
			runOnlyForDeploymentPostprocessing = 0;
		};
/* End PBXFrameworksBuildPhase section */

/* Begin PBXGroup section */
		0E37C3A9B2D20CF91BDB77BA /* Pods */ = {
			isa = PBXGroup;
			children = (
				7E11B94286A42AA7CF0C07DB /* Pods-ToDooey.debug.xcconfig */,
				E371FFC9EA09E225273A7975 /* Pods-ToDooey.release.xcconfig */,
			);
			name = Pods;
			sourceTree = "<group>";
		};
		1DCCBFDA208B9DB80038BF3A = {
			isa = PBXGroup;
			children = (
				1DCCBFE5208B9DB80038BF3A /* ToDooey */,
				1DCCBFE4208B9DB80038BF3A /* Products */,
				4D51834F208E5DA200CD9D07 /* Frameworks */,
				0E37C3A9B2D20CF91BDB77BA /* Pods */,
			);
			sourceTree = "<group>";
		};
		1DCCBFE4208B9DB80038BF3A /* Products */ = {
			isa = PBXGroup;
			children = (
				1DCCBFE3208B9DB80038BF3A /* ToDooey.app */,
			);
			name = Products;
			sourceTree = "<group>";
		};
		1DCCBFE5208B9DB80038BF3A /* ToDooey */ = {
			isa = PBXGroup;
			children = (
				1DCCBFE6208B9DB80038BF3A /* AppDelegate.swift */,
				1DCCBFFB208CCC750038BF3A /* Controller */,
				1DCCBFFC208CCC860038BF3A /* View */,
				1DCCBFFD208CCCC70038BF3A /* Supporting Files */,
				1DCCBFF2208B9DBF0038BF3A /* Info.plist */,
				1DCCBFFA208CCC670038BF3A /* Model */,
			);
			path = ToDooey;
			sourceTree = "<group>";
		};
		1DCCBFFA208CCC670038BF3A /* Model */ = {
			isa = PBXGroup;
			children = (
				4D518359208E679800CD9D07 /* Category.swift */,
				4D518357208E678900CD9D07 /* Item.swift */,
			);
			path = Model;
			sourceTree = "<group>";
		};
		1DCCBFFB208CCC750038BF3A /* Controller */ = {
			isa = PBXGroup;
			children = (
				1DB5AE4F208D7BF400F71DF0 /* CategoryVC.swift */,
				1DCCBFE8208B9DB80038BF3A /* TodoListVC.swift */,
			);
			path = Controller;
			sourceTree = "<group>";
		};
		1DCCBFFC208CCC860038BF3A /* View */ = {
			isa = PBXGroup;
			children = (
				1DCCBFEA208B9DB80038BF3A /* Main.storyboard */,
				1DB5AE51208EE44F00F71DF0 /* GradientView.swift */,
			);
			path = View;
			sourceTree = "<group>";
		};
		1DCCBFFD208CCCC70038BF3A /* Supporting Files */ = {
			isa = PBXGroup;
			children = (
				1DCCBFED208B9DBF0038BF3A /* Assets.xcassets */,
				1DCCBFEF208B9DBF0038BF3A /* LaunchScreen.storyboard */,
			);
			path = "Supporting Files";
			sourceTree = "<group>";
		};
		4D51834F208E5DA200CD9D07 /* Frameworks */ = {
			isa = PBXGroup;
			children = (
				8FDB4B936775CB293DA6DFFF /* Pods_ToDooey.framework */,
			);
			name = Frameworks;
			sourceTree = "<group>";
		};
/* End PBXGroup section */

/* Begin PBXNativeTarget section */
		1DCCBFE2208B9DB80038BF3A /* ToDooey */ = {
			isa = PBXNativeTarget;
			buildConfigurationList = 1DCCBFF5208B9DBF0038BF3A /* Build configuration list for PBXNativeTarget "ToDooey" */;
			buildPhases = (
				F12E7AC8710987BCBA92082F /* [CP] Check Pods Manifest.lock */,
				1DCCBFDF208B9DB80038BF3A /* Sources */,
				1DCCBFE0208B9DB80038BF3A /* Frameworks */,
				1DCCBFE1208B9DB80038BF3A /* Resources */,
				5F50AC24AEACE50E76CDC3D1 /* [CP] Embed Pods Frameworks */,
			);
			buildRules = (
			);
			dependencies = (
			);
			name = ToDooey;
			productName = ToDooey;
			productReference = 1DCCBFE3208B9DB80038BF3A /* ToDooey.app */;
			productType = "com.apple.product-type.application";
		};
/* End PBXNativeTarget section */

/* Begin PBXProject section */
		1DCCBFDB208B9DB80038BF3A /* Project object */ = {
			isa = PBXProject;
			attributes = {
				LastSwiftUpdateCheck = 0930;
				LastUpgradeCheck = 0930;
				ORGANIZATIONNAME = Pearce;
				TargetAttributes = {
					1DCCBFE2208B9DB80038BF3A = {
						CreatedOnToolsVersion = 9.3;
					};
				};
			};
			buildConfigurationList = 1DCCBFDE208B9DB80038BF3A /* Build configuration list for PBXProject "ToDooey" */;
			compatibilityVersion = "Xcode 9.3";
			developmentRegion = en;
			hasScannedForEncodings = 0;
			knownRegions = (
				en,
				Base,
			);
			mainGroup = 1DCCBFDA208B9DB80038BF3A;
			productRefGroup = 1DCCBFE4208B9DB80038BF3A /* Products */;
			projectDirPath = "";
			projectRoot = "";
			targets = (
				1DCCBFE2208B9DB80038BF3A /* ToDooey */,
			);
		};
/* End PBXProject section */

/* Begin PBXResourcesBuildPhase section */
		1DCCBFE1208B9DB80038BF3A /* Resources */ = {
			isa = PBXResourcesBuildPhase;
			buildActionMask = 2147483647;
			files = (
				1DCCBFF1208B9DBF0038BF3A /* LaunchScreen.storyboard in Resources */,
				1DCCBFEE208B9DBF0038BF3A /* Assets.xcassets in Resources */,
				1DCCBFEC208B9DB80038BF3A /* Main.storyboard in Resources */,
			);
			runOnlyForDeploymentPostprocessing = 0;
		};
/* End PBXResourcesBuildPhase section */

/* Begin PBXShellScriptBuildPhase section */
		5F50AC24AEACE50E76CDC3D1 /* [CP] Embed Pods Frameworks */ = {
			isa = PBXShellScriptBuildPhase;
			buildActionMask = 2147483647;
			files = (
			);
			inputPaths = (
				"${SRCROOT}/Pods/Target Support Files/Pods-ToDooey/Pods-ToDooey-frameworks.sh",
				"${BUILT_PRODUCTS_DIR}/Realm/Realm.framework",
				"${BUILT_PRODUCTS_DIR}/RealmSwift/RealmSwift.framework",
			);
			name = "[CP] Embed Pods Frameworks";
			outputPaths = (
				"${TARGET_BUILD_DIR}/${FRAMEWORKS_FOLDER_PATH}/Realm.framework",
				"${TARGET_BUILD_DIR}/${FRAMEWORKS_FOLDER_PATH}/RealmSwift.framework",
			);
			runOnlyForDeploymentPostprocessing = 0;
			shellPath = /bin/sh;
			shellScript = "\"${SRCROOT}/Pods/Target Support Files/Pods-ToDooey/Pods-ToDooey-frameworks.sh\"\n";
			showEnvVarsInLog = 0;
		};
		F12E7AC8710987BCBA92082F /* [CP] Check Pods Manifest.lock */ = {
			isa = PBXShellScriptBuildPhase;
			buildActionMask = 2147483647;
			files = (
			);
			inputPaths = (
				"${PODS_PODFILE_DIR_PATH}/Podfile.lock",
				"${PODS_ROOT}/Manifest.lock",
			);
			name = "[CP] Check Pods Manifest.lock";
			outputPaths = (
				"$(DERIVED_FILE_DIR)/Pods-ToDooey-checkManifestLockResult.txt",
			);
			runOnlyForDeploymentPostprocessing = 0;
			shellPath = /bin/sh;
			shellScript = "diff \"${PODS_PODFILE_DIR_PATH}/Podfile.lock\" \"${PODS_ROOT}/Manifest.lock\" > /dev/null\nif [ $? != 0 ] ; then\n    # print error to STDERR\n    echo \"error: The sandbox is not in sync with the Podfile.lock. Run 'pod install' or update your CocoaPods installation.\" >&2\n    exit 1\nfi\n# This output is used by Xcode 'outputs' to avoid re-running this script phase.\necho \"SUCCESS\" > \"${SCRIPT_OUTPUT_FILE_0}\"\n";
			showEnvVarsInLog = 0;
		};
/* End PBXShellScriptBuildPhase section */

/* Begin PBXSourcesBuildPhase section */
		1DCCBFDF208B9DB80038BF3A /* Sources */ = {
			isa = PBXSourcesBuildPhase;
			buildActionMask = 2147483647;
			files = (
				4D518358208E678900CD9D07 /* Item.swift in Sources */,
				1DCCBFE9208B9DB80038BF3A /* TodoListVC.swift in Sources */,
				1DB5AE52208EE44F00F71DF0 /* GradientView.swift in Sources */,
				1DB5AE50208D7BF400F71DF0 /* CategoryVC.swift in Sources */,
				1DCCBFE7208B9DB80038BF3A /* AppDelegate.swift in Sources */,
				4D51835A208E679800CD9D07 /* Category.swift in Sources */,
			);
			runOnlyForDeploymentPostprocessing = 0;
		};
/* End PBXSourcesBuildPhase section */

/* Begin PBXVariantGroup section */
		1DCCBFEA208B9DB80038BF3A /* Main.storyboard */ = {
			isa = PBXVariantGroup;
			children = (
				1DCCBFEB208B9DB80038BF3A /* Base */,
			);
			name = Main.storyboard;
			sourceTree = "<group>";
		};
		1DCCBFEF208B9DBF0038BF3A /* LaunchScreen.storyboard */ = {
			isa = PBXVariantGroup;
			children = (
				1DCCBFF0208B9DBF0038BF3A /* Base */,
			);
			name = LaunchScreen.storyboard;
			sourceTree = "<group>";
		};
/* End PBXVariantGroup section */

/* Begin XCBuildConfiguration section */
		1DCCBFF3208B9DBF0038BF3A /* Debug */ = {
			isa = XCBuildConfiguration;
			buildSettings = {
				ALWAYS_SEARCH_USER_PATHS = NO;
				CLANG_ANALYZER_NONNULL = YES;
				CLANG_ANALYZER_NUMBER_OBJECT_CONVERSION = YES_AGGRESSIVE;
				CLANG_CXX_LANGUAGE_STANDARD = "gnu++14";
				CLANG_CXX_LIBRARY = "libc++";
				CLANG_ENABLE_MODULES = YES;
				CLANG_ENABLE_OBJC_ARC = YES;
				CLANG_ENABLE_OBJC_WEAK = YES;
				CLANG_WARN_BLOCK_CAPTURE_AUTORELEASING = YES;
				CLANG_WARN_BOOL_CONVERSION = YES;
				CLANG_WARN_COMMA = YES;
				CLANG_WARN_CONSTANT_CONVERSION = YES;
				CLANG_WARN_DEPRECATED_OBJC_IMPLEMENTATIONS = YES;
				CLANG_WARN_DIRECT_OBJC_ISA_USAGE = YES_ERROR;
				CLANG_WARN_DOCUMENTATION_COMMENTS = YES;
				CLANG_WARN_EMPTY_BODY = YES;
				CLANG_WARN_ENUM_CONVERSION = YES;
				CLANG_WARN_INFINITE_RECURSION = YES;
				CLANG_WARN_INT_CONVERSION = YES;
				CLANG_WARN_NON_LITERAL_NULL_CONVERSION = YES;
				CLANG_WARN_OBJC_IMPLICIT_RETAIN_SELF = YES;
				CLANG_WARN_OBJC_LITERAL_CONVERSION = YES;
				CLANG_WARN_OBJC_ROOT_CLASS = YES_ERROR;
				CLANG_WARN_RANGE_LOOP_ANALYSIS = YES;
				CLANG_WARN_STRICT_PROTOTYPES = YES;
				CLANG_WARN_SUSPICIOUS_MOVE = YES;
				CLANG_WARN_UNGUARDED_AVAILABILITY = YES_AGGRESSIVE;
				CLANG_WARN_UNREACHABLE_CODE = YES;
				CLANG_WARN__DUPLICATE_METHOD_MATCH = YES;
				CODE_SIGN_IDENTITY = "iPhone Developer";
				COPY_PHASE_STRIP = NO;
				DEBUG_INFORMATION_FORMAT = dwarf;
				ENABLE_STRICT_OBJC_MSGSEND = YES;
				ENABLE_TESTABILITY = YES;
				GCC_C_LANGUAGE_STANDARD = gnu11;
				GCC_DYNAMIC_NO_PIC = NO;
				GCC_NO_COMMON_BLOCKS = YES;
				GCC_OPTIMIZATION_LEVEL = 0;
				GCC_PREPROCESSOR_DEFINITIONS = (
					"DEBUG=1",
					"$(inherited)",
				);
				GCC_WARN_64_TO_32_BIT_CONVERSION = YES;
				GCC_WARN_ABOUT_RETURN_TYPE = YES_ERROR;
				GCC_WARN_UNDECLARED_SELECTOR = YES;
				GCC_WARN_UNINITIALIZED_AUTOS = YES_AGGRESSIVE;
				GCC_WARN_UNUSED_FUNCTION = YES;
				GCC_WARN_UNUSED_VARIABLE = YES;
				IPHONEOS_DEPLOYMENT_TARGET = 11.3;
				MTL_ENABLE_DEBUG_INFO = YES;
				ONLY_ACTIVE_ARCH = YES;
				SDKROOT = iphoneos;
				SWIFT_ACTIVE_COMPILATION_CONDITIONS = DEBUG;
				SWIFT_OPTIMIZATION_LEVEL = "-Onone";
			};
			name = Debug;
		};
		1DCCBFF4208B9DBF0038BF3A /* Release */ = {
			isa = XCBuildConfiguration;
			buildSettings = {
				ALWAYS_SEARCH_USER_PATHS = NO;
				CLANG_ANALYZER_NONNULL = YES;
				CLANG_ANALYZER_NUMBER_OBJECT_CONVERSION = YES_AGGRESSIVE;
				CLANG_CXX_LANGUAGE_STANDARD = "gnu++14";
				CLANG_CXX_LIBRARY = "libc++";
				CLANG_ENABLE_MODULES = YES;
				CLANG_ENABLE_OBJC_ARC = YES;
				CLANG_ENABLE_OBJC_WEAK = YES;
				CLANG_WARN_BLOCK_CAPTURE_AUTORELEASING = YES;
				CLANG_WARN_BOOL_CONVERSION = YES;
				CLANG_WARN_COMMA = YES;
				CLANG_WARN_CONSTANT_CONVERSION = YES;
				CLANG_WARN_DEPRECATED_OBJC_IMPLEMENTATIONS = YES;
				CLANG_WARN_DIRECT_OBJC_ISA_USAGE = YES_ERROR;
				CLANG_WARN_DOCUMENTATION_COMMENTS = YES;
				CLANG_WARN_EMPTY_BODY = YES;
				CLANG_WARN_ENUM_CONVERSION = YES;
				CLANG_WARN_INFINITE_RECURSION = YES;
				CLANG_WARN_INT_CONVERSION = YES;
				CLANG_WARN_NON_LITERAL_NULL_CONVERSION = YES;
				CLANG_WARN_OBJC_IMPLICIT_RETAIN_SELF = YES;
				CLANG_WARN_OBJC_LITERAL_CONVERSION = YES;
				CLANG_WARN_OBJC_ROOT_CLASS = YES_ERROR;
				CLANG_WARN_RANGE_LOOP_ANALYSIS = YES;
				CLANG_WARN_STRICT_PROTOTYPES = YES;
				CLANG_WARN_SUSPICIOUS_MOVE = YES;
				CLANG_WARN_UNGUARDED_AVAILABILITY = YES_AGGRESSIVE;
				CLANG_WARN_UNREACHABLE_CODE = YES;
				CLANG_WARN__DUPLICATE_METHOD_MATCH = YES;
				CODE_SIGN_IDENTITY = "iPhone Developer";
				COPY_PHASE_STRIP = NO;
				DEBUG_INFORMATION_FORMAT = "dwarf-with-dsym";
				ENABLE_NS_ASSERTIONS = NO;
				ENABLE_STRICT_OBJC_MSGSEND = YES;
				GCC_C_LANGUAGE_STANDARD = gnu11;
				GCC_NO_COMMON_BLOCKS = YES;
				GCC_WARN_64_TO_32_BIT_CONVERSION = YES;
				GCC_WARN_ABOUT_RETURN_TYPE = YES_ERROR;
				GCC_WARN_UNDECLARED_SELECTOR = YES;
				GCC_WARN_UNINITIALIZED_AUTOS = YES_AGGRESSIVE;
				GCC_WARN_UNUSED_FUNCTION = YES;
				GCC_WARN_UNUSED_VARIABLE = YES;
				IPHONEOS_DEPLOYMENT_TARGET = 11.3;
				MTL_ENABLE_DEBUG_INFO = NO;
				SDKROOT = iphoneos;
				SWIFT_COMPILATION_MODE = wholemodule;
				SWIFT_OPTIMIZATION_LEVEL = "-O";
				VALIDATE_PRODUCT = YES;
			};
			name = Release;
		};
		1DCCBFF6208B9DBF0038BF3A /* Debug */ = {
			isa = XCBuildConfiguration;
			baseConfigurationReference = 7E11B94286A42AA7CF0C07DB /* Pods-ToDooey.debug.xcconfig */;
			buildSettings = {
				ASSETCATALOG_COMPILER_APPICON_NAME = AppIcon;
				CODE_SIGN_STYLE = Automatic;
				DEVELOPMENT_TEAM = D9R62VXR3G;
				FRAMEWORK_SEARCH_PATHS = "$(inherited)";
				INFOPLIST_FILE = ToDooey/Info.plist;
				LD_RUNPATH_SEARCH_PATHS = (
					"$(inherited)",
					"@executable_path/Frameworks",
				);
				PRODUCT_BUNDLE_IDENTIFIER = me.rick.pearce.ToDooey;
				PRODUCT_NAME = "$(TARGET_NAME)";
				SWIFT_VERSION = 4.0;
				TARGETED_DEVICE_FAMILY = "1,2";
			};
			name = Debug;
		};
		1DCCBFF7208B9DBF0038BF3A /* Release */ = {
			isa = XCBuildConfiguration;
			baseConfigurationReference = E371FFC9EA09E225273A7975 /* Pods-ToDooey.release.xcconfig */;
			buildSettings = {
				ASSETCATALOG_COMPILER_APPICON_NAME = AppIcon;
				CODE_SIGN_STYLE = Automatic;
				DEVELOPMENT_TEAM = D9R62VXR3G;
				FRAMEWORK_SEARCH_PATHS = "$(inherited)";
				INFOPLIST_FILE = ToDooey/Info.plist;
				LD_RUNPATH_SEARCH_PATHS = (
					"$(inherited)",
					"@executable_path/Frameworks",
				);
				PRODUCT_BUNDLE_IDENTIFIER = me.rick.pearce.ToDooey;
				PRODUCT_NAME = "$(TARGET_NAME)";
				SWIFT_VERSION = 4.0;
				TARGETED_DEVICE_FAMILY = "1,2";
			};
			name = Release;
		};
/* End XCBuildConfiguration section */

/* Begin XCConfigurationList section */
		1DCCBFDE208B9DB80038BF3A /* Build configuration list for PBXProject "ToDooey" */ = {
			isa = XCConfigurationList;
			buildConfigurations = (
				1DCCBFF3208B9DBF0038BF3A /* Debug */,
				1DCCBFF4208B9DBF0038BF3A /* Release */,
			);
			defaultConfigurationIsVisible = 0;
			defaultConfigurationName = Release;
		};
		1DCCBFF5208B9DBF0038BF3A /* Build configuration list for PBXNativeTarget "ToDooey" */ = {
			isa = XCConfigurationList;
			buildConfigurations = (
				1DCCBFF6208B9DBF0038BF3A /* Debug */,
				1DCCBFF7208B9DBF0038BF3A /* Release */,
			);
			defaultConfigurationIsVisible = 0;
			defaultConfigurationName = Release;
		};
/* End XCConfigurationList section */
	};
	rootObject = 1DCCBFDB208B9DB80038BF3A /* Project object */;
}
